PODS:
  - Alamofire (5.10.2)
  - Capacitor (8.0.0):
    - CapacitorCordova
  - CapacitorApp (8.0.0):
    - Capacitor
  - CapacitorCamera (8.0.0):
    - Capacitor
  - CapacitorCommunityKeepAwake (7.0.0):
    - Capacitor
  - CapacitorCommunityPrivacyScreen (6.0.0):
    - Capacitor
  - CapacitorCommunityTextToSpeech (6.0.0):
    - Capacitor
  - CapacitorCordova (8.0.0)
  - CapacitorFilesystem (8.0.0):
    - Capacitor
    - IONFilesystemLib (~> 1.0.1)
  - CapacitorHaptics (8.0.0):
    - Capacitor
  - CapacitorKeyboard (8.0.0):
    - Capacitor
  - CapacitorShare (8.0.0):
    - Capacitor
  - CapawesomeCapacitorAppUpdate (7.0.0-dev.1765885034):
    - Capacitor
  - CapawesomeCapacitorBackgroundTask (7.0.0-dev.1765885034):
    - Capacitor
  - CapawesomeCapacitorBadge (7.0.0-dev.1765885034):
    - Capacitor
  - CapawesomeCapacitorCloudinary (7.0.0-dev.1765885034):
    - Capacitor
    - Cloudinary (~> 5.1.0)
  - CapawesomeCapacitorFilePicker (7.0.0-dev.1765885034):
    - Capacitor
  - CapawesomeCapacitorLiveUpdate (7.0.0-dev.1765885034):
    - Alamofire (~> 5.10.2)
    - Capacitor
    - SSZipArchive (~> 2.4.0)
  - CapawesomeCapacitorManagedConfigurations (7.0.0-dev.1765885034):
    - Capacitor
  - CapawesomeCapacitorPhotoEditor (7.0.0-dev.1765885034):
    - Capacitor
  - CapawesomeCapacitorPosthog (7.0.0-dev.1765885034):
    - Capacitor
    - PostHog (~> 3.19.1)
  - CapawesomeCapacitorScreenOrientation (7.0.0-dev.1765885034):
    - Capacitor
  - CapawesomeCapacitorTorch (7.0.0-dev.1765885034):
    - Capacitor
  - CapawesomeTeamCapacitorBluetoothLowEnergy (7.0.0-dev.1765885034):
    - Capacitor
  - CapawesomeTeamCapacitorDatetimePicker (7.0.0-dev.1765885034):
    - Capacitor
  - CapawesomeTeamCapacitorFileCompressor (7.0.0-dev.1765885034):
    - Capacitor
  - CapawesomeTeamCapacitorFileOpener (7.0.0-dev.1765885034):
    - Capacitor
  - CapawesomeTeamCapacitorPrinter (7.0.0-dev.1765885034):
    - Capacitor
  - CapawesomeTeamCapacitorWifi (7.0.0-dev.1765885034):
    - Capacitor
  - CapawesomeTeamCapacitorZip (7.0.0-dev.1765885034):
    - Capacitor
    - SSZipArchive (~> 2.4.0)
  - Cloudinary (5.1.0):
    - Cloudinary/ios (= 5.1.0)
  - Cloudinary/ios (5.1.0)
  - IONFilesystemLib (1.0.1)
  - PostHog (3.19.9)
  - SSZipArchive (2.4.3)

DEPENDENCIES:
  - "Capacitor (from `../../node_modules/@capacitor/ios`)"
  - "CapacitorApp (from `../../node_modules/@capacitor/app`)"
  - "CapacitorCamera (from `../../node_modules/@capacitor/camera`)"
  - "CapacitorCommunityKeepAwake (from `../../node_modules/@capacitor-community/keep-awake`)"
  - "CapacitorCommunityPrivacyScreen (from `../../node_modules/@capacitor-community/privacy-screen`)"
  - "CapacitorCommunityTextToSpeech (from `../../node_modules/@capacitor-community/text-to-speech`)"
  - "CapacitorCordova (from `../../node_modules/@capacitor/ios`)"
  - "CapacitorFilesystem (from `../../node_modules/@capacitor/filesystem`)"
  - "CapacitorHaptics (from `../../node_modules/@capacitor/haptics`)"
  - "CapacitorKeyboard (from `../../node_modules/@capacitor/keyboard`)"
  - "CapacitorShare (from `../../node_modules/@capacitor/share`)"
  - "CapawesomeCapacitorAppUpdate (from `../../node_modules/@capawesome/capacitor-app-update`)"
  - "CapawesomeCapacitorBackgroundTask (from `../../node_modules/@capawesome/capacitor-background-task`)"
  - "CapawesomeCapacitorBadge (from `../../node_modules/@capawesome/capacitor-badge`)"
  - "CapawesomeCapacitorCloudinary (from `../../node_modules/@capawesome/capacitor-cloudinary`)"
  - "CapawesomeCapacitorFilePicker (from `../../node_modules/@capawesome/capacitor-file-picker`)"
  - "CapawesomeCapacitorLiveUpdate (from `../../node_modules/@capawesome/capacitor-live-update`)"
  - "CapawesomeCapacitorManagedConfigurations (from `../../node_modules/@capawesome/capacitor-managed-configurations`)"
  - "CapawesomeCapacitorPhotoEditor (from `../../node_modules/@capawesome/capacitor-photo-editor`)"
  - "CapawesomeCapacitorPosthog (from `../../node_modules/@capawesome/capacitor-posthog`)"
  - "CapawesomeCapacitorScreenOrientation (from `../../node_modules/@capawesome/capacitor-screen-orientation`)"
  - "CapawesomeCapacitorTorch (from `../../node_modules/@capawesome/capacitor-torch`)"
  - "CapawesomeTeamCapacitorBluetoothLowEnergy (from `../../node_modules/@capawesome-team/capacitor-bluetooth-low-energy`)"
  - "CapawesomeTeamCapacitorDatetimePicker (from `../../node_modules/@capawesome-team/capacitor-datetime-picker`)"
  - "CapawesomeTeamCapacitorFileCompressor (from `../../node_modules/@capawesome-team/capacitor-file-compressor`)"
  - "CapawesomeTeamCapacitorFileOpener (from `../../node_modules/@capawesome-team/capacitor-file-opener`)"
  - "CapawesomeTeamCapacitorPrinter (from `../../node_modules/@capawesome-team/capacitor-printer`)"
  - "CapawesomeTeamCapacitorWifi (from `../../node_modules/@capawesome-team/capacitor-wifi`)"
  - "CapawesomeTeamCapacitorZip (from `../../node_modules/@capawesome-team/capacitor-zip`)"

SPEC REPOS:
  trunk:
    - Alamofire
    - Cloudinary
    - IONFilesystemLib
    - PostHog
    - SSZipArchive

EXTERNAL SOURCES:
  Capacitor:
    :path: "../../node_modules/@capacitor/ios"
  CapacitorApp:
    :path: "../../node_modules/@capacitor/app"
  CapacitorCamera:
    :path: "../../node_modules/@capacitor/camera"
  CapacitorCommunityKeepAwake:
    :path: "../../node_modules/@capacitor-community/keep-awake"
  CapacitorCommunityPrivacyScreen:
    :path: "../../node_modules/@capacitor-community/privacy-screen"
  CapacitorCommunityTextToSpeech:
    :path: "../../node_modules/@capacitor-community/text-to-speech"
  CapacitorCordova:
    :path: "../../node_modules/@capacitor/ios"
  CapacitorFilesystem:
    :path: "../../node_modules/@capacitor/filesystem"
  CapacitorHaptics:
    :path: "../../node_modules/@capacitor/haptics"
  CapacitorKeyboard:
    :path: "../../node_modules/@capacitor/keyboard"
  CapacitorShare:
    :path: "../../node_modules/@capacitor/share"
  CapawesomeCapacitorAppUpdate:
    :path: "../../node_modules/@capawesome/capacitor-app-update"
  CapawesomeCapacitorBackgroundTask:
    :path: "../../node_modules/@capawesome/capacitor-background-task"
  CapawesomeCapacitorBadge:
    :path: "../../node_modules/@capawesome/capacitor-badge"
  CapawesomeCapacitorCloudinary:
    :path: "../../node_modules/@capawesome/capacitor-cloudinary"
  CapawesomeCapacitorFilePicker:
    :path: "../../node_modules/@capawesome/capacitor-file-picker"
  CapawesomeCapacitorLiveUpdate:
    :path: "../../node_modules/@capawesome/capacitor-live-update"
  CapawesomeCapacitorManagedConfigurations:
    :path: "../../node_modules/@capawesome/capacitor-managed-configurations"
  CapawesomeCapacitorPhotoEditor:
    :path: "../../node_modules/@capawesome/capacitor-photo-editor"
  CapawesomeCapacitorPosthog:
    :path: "../../node_modules/@capawesome/capacitor-posthog"
  CapawesomeCapacitorScreenOrientation:
    :path: "../../node_modules/@capawesome/capacitor-screen-orientation"
  CapawesomeCapacitorTorch:
    :path: "../../node_modules/@capawesome/capacitor-torch"
  CapawesomeTeamCapacitorBluetoothLowEnergy:
    :path: "../../node_modules/@capawesome-team/capacitor-bluetooth-low-energy"
  CapawesomeTeamCapacitorDatetimePicker:
    :path: "../../node_modules/@capawesome-team/capacitor-datetime-picker"
  CapawesomeTeamCapacitorFileCompressor:
    :path: "../../node_modules/@capawesome-team/capacitor-file-compressor"
  CapawesomeTeamCapacitorFileOpener:
    :path: "../../node_modules/@capawesome-team/capacitor-file-opener"
  CapawesomeTeamCapacitorPrinter:
    :path: "../../node_modules/@capawesome-team/capacitor-printer"
  CapawesomeTeamCapacitorWifi:
    :path: "../../node_modules/@capawesome-team/capacitor-wifi"
  CapawesomeTeamCapacitorZip:
    :path: "../../node_modules/@capawesome-team/capacitor-zip"

SPEC CHECKSUMS:
  Alamofire: 7193b3b92c74a07f85569e1a6c4f4237291e7496
  Capacitor: 341ff7cf652ec695d1a8ebf604db448ac7b6d635
  CapacitorApp: 3963a84197280757b84f126afd1520a85ae3b092
  CapacitorCamera: 592acb7ab9fb748e2d8571eb03af30ec4e1ace12
  CapacitorCommunityKeepAwake: ae762ce29b53147d28cfcaae5273cd1db0c38fc4
  CapacitorCommunityPrivacyScreen: 682470c41cce325d7a85b95907887919d4694066
  CapacitorCommunityTextToSpeech: 4e82235c0e184d2edbd1b2d81ef22af531bda13e
  CapacitorCordova: 5dc3912d25ef770a3fe0f431bb65c9fbfa2e92f9
  CapacitorFilesystem: 2cb7c29536024668f333266a2177f8c10bbd9c98
  CapacitorHaptics: 2079d9fa04c5a71e18663b4722323c304c58245c
  CapacitorKeyboard: d7868c079a4d5277a3deca27a10a488fcbbb8b69
  CapacitorShare: 12f1d192170cbcf9f108fd675ac8e343761a4638
  CapawesomeCapacitorAppUpdate: 6ce5b2e52d60c699793d7983cf0b66bd16123355
  CapawesomeCapacitorBackgroundTask: bc61a42665ae1213131b04913b204d900bf7606d
  CapawesomeCapacitorBadge: a2a14651c75f45c72d5e2dc22608bb748ec54fd8
  CapawesomeCapacitorCloudinary: 149975c7166f5c1430040f65914b35916c17209b
  CapawesomeCapacitorFilePicker: 37ffe33ab8e5340fba712b145a551a7fe910eeb9
  CapawesomeCapacitorLiveUpdate: 2229e03881f54138f19ae2f80bdeaffd827d4759
  CapawesomeCapacitorManagedConfigurations: 36587af1e83c59806d3ec8b095a01c2633c4a6ce
  CapawesomeCapacitorPhotoEditor: a5f8c2db403dddc72baa926bef36519aa96d2962
  CapawesomeCapacitorPosthog: f4e9bf9b998e3fc24bd85e2028ecb258b2f7a31e
  CapawesomeCapacitorScreenOrientation: 9e486ce0b580ed44c34a178862a13f9034ee0c09
  CapawesomeCapacitorTorch: 5debdaa9acc9e8fea465b2bdc3c50dd28e762fe6
  CapawesomeTeamCapacitorBluetoothLowEnergy: 75882405307ea58f152cfb8b9d47f4dc81dfd116
  CapawesomeTeamCapacitorDatetimePicker: a214a131863b317977c4ed9a5413bba1e868286f
  CapawesomeTeamCapacitorFileCompressor: c69dba9ef148e7b8bee02a606d85f1f4efe5fe00
  CapawesomeTeamCapacitorFileOpener: 352898138f768f5132d83b367cb24e89038dda49
  CapawesomeTeamCapacitorPrinter: f9f63f6f1f22a615d55bbda07bbfbf23022f4d3e
  CapawesomeTeamCapacitorWifi: 4573d76408d58992f856b48357fcd289acffd8df
  CapawesomeTeamCapacitorZip: 319a106f5afb828bd7d1ebe14fb1f00cedd4a0b9
  Cloudinary: bab47d625e409936fb5c61d53f17719c80c258ad
  IONFilesystemLib: 89258b8e3e85465da93127d25d7ce37f977e8a6f
  PostHog: 49247855f4cfdc1d2750b4247e6f6c0ff921e142
  SSZipArchive: fe6a26b2a54d5a0890f2567b5cc6de5caa600aef

PODFILE CHECKSUM: 19c5cc26bcae7ca71068ef30d2194f06a7f25490

COCOAPODS: 1.16.2
