PODS:
  - Alamofire (5.9.1)
  - Capacitor (6.1.2):
    - CapacitorCordova
  - CapacitorApp (6.0.1):
    - Capacitor
  - CapacitorCamera (6.0.2):
    - Capacitor
  - CapacitorCommunityKeepAwake (5.0.0):
    - Capacitor
  - CapacitorCommunityPrivacyScreen (5.1.3):
    - Capacitor
  - CapacitorCommunityTextToSpeech (4.1.0):
    - Capacitor
  - CapacitorCordova (6.1.2)
  - CapacitorFilesystem (6.0.1):
    - Capacitor
  - CapacitorHaptics (6.0.1):
    - Capacitor
  - CapacitorKeyboard (6.0.2):
    - Capacitor
  - CapacitorShare (6.0.2):
    - Capacitor
  - CapawesomeCapacitorAppUpdate (6.0.0):
    - Capacitor
  - CapawesomeCapacitorBackgroundTask (6.0.0):
    - Capacitor
  - CapawesomeCapacitorBadge (6.0.0):
    - Capacitor
  - CapawesomeCapacitorCloudinary (6.0.0):
    - Capacitor
    - Cloudinary (= 5.0.0)
  - CapawesomeCapacitorFilePicker (6.0.1):
    - Capacitor
  - CapawesomeCapacitorLiveUpdate (6.3.0):
    - Alamofire (~> 5.9.0)
    - Capacitor
    - SSZipArchive (~> 2.2)
  - CapawesomeCapacitorManagedConfigurations (6.0.0):
    - Capacitor
  - CapawesomeCapacitorPhotoEditor (6.0.0):
    - Capacitor
  - CapawesomeCapacitorPosthog (5.0.0):
    - Capacitor
    - PostHog (= 3.8.2)
  - CapawesomeCapacitorScreenOrientation (6.0.1):
    - Capacitor
  - CapawesomeCapacitorTorch (5.0.0):
    - Capacitor
  - CapawesomeTeamCapacitorBluetoothLowEnergy (6.0.0):
    - Capacitor
  - CapawesomeTeamCapacitorDatetimePicker (6.0.0):
    - Capacitor
  - CapawesomeTeamCapacitorFileCompressor (6.0.0):
    - Capacitor
  - CapawesomeTeamCapacitorFileOpener (6.1.0):
    - Capacitor
  - CapawesomeTeamCapacitorPrinter (6.0.1):
    - Capacitor
  - CapawesomeTeamCapacitorWifi (6.0.0):
    - Capacitor
  - CapawesomeTeamCapacitorZip (6.1.1):
    - Capacitor
    - SSZipArchive (~> 2.2)
  - Cloudinary (5.0.0):
    - Cloudinary/ios (= 5.0.0)
  - Cloudinary/ios (5.0.0)
  - PostHog (3.8.2)
  - SSZipArchive (2.4.3)

DEPENDENCIES:
  - "Capacitor (from `../../node_modules/@capacitor/ios`)"
  - "CapacitorApp (from `../../node_modules/@capacitor/app`)"
  - "CapacitorCamera (from `../../node_modules/@capacitor/camera`)"
  - "CapacitorCommunityKeepAwake (from `../../node_modules/@capacitor-community/keep-awake`)"
  - "CapacitorCommunityPrivacyScreen (from `../../node_modules/@capacitor-community/privacy-screen`)"
  - "CapacitorCommunityTextToSpeech (from `../../node_modules/@capacitor-community/text-to-speech`)"
  - "CapacitorCordova (from `../../node_modules/@capacitor/ios`)"
  - "CapacitorFilesystem (from `../../node_modules/@capacitor/filesystem`)"
  - "CapacitorHaptics (from `../../node_modules/@capacitor/haptics`)"
  - "CapacitorKeyboard (from `../../node_modules/@capacitor/keyboard`)"
  - "CapacitorShare (from `../../node_modules/@capacitor/share`)"
  - "CapawesomeCapacitorAppUpdate (from `../../node_modules/@capawesome/capacitor-app-update`)"
  - "CapawesomeCapacitorBackgroundTask (from `../../node_modules/@capawesome/capacitor-background-task`)"
  - "CapawesomeCapacitorBadge (from `../../node_modules/@capawesome/capacitor-badge`)"
  - "CapawesomeCapacitorCloudinary (from `../../node_modules/@capawesome/capacitor-cloudinary`)"
  - "CapawesomeCapacitorFilePicker (from `../../node_modules/@capawesome/capacitor-file-picker`)"
  - "CapawesomeCapacitorLiveUpdate (from `../../node_modules/@capawesome/capacitor-live-update`)"
  - "CapawesomeCapacitorManagedConfigurations (from `../../node_modules/@capawesome/capacitor-managed-configurations`)"
  - "CapawesomeCapacitorPhotoEditor (from `../../node_modules/@capawesome/capacitor-photo-editor`)"
  - "CapawesomeCapacitorPosthog (from `../../node_modules/@capawesome/capacitor-posthog`)"
  - "CapawesomeCapacitorScreenOrientation (from `../../node_modules/@capawesome/capacitor-screen-orientation`)"
  - "CapawesomeCapacitorTorch (from `../../node_modules/@capawesome/capacitor-torch`)"
  - "CapawesomeTeamCapacitorBluetoothLowEnergy (from `../../node_modules/@capawesome-team/capacitor-bluetooth-low-energy`)"
  - "CapawesomeTeamCapacitorDatetimePicker (from `../../node_modules/@capawesome-team/capacitor-datetime-picker`)"
  - "CapawesomeTeamCapacitorFileCompressor (from `../../node_modules/@capawesome-team/capacitor-file-compressor`)"
  - "CapawesomeTeamCapacitorFileOpener (from `../../node_modules/@capawesome-team/capacitor-file-opener`)"
  - "CapawesomeTeamCapacitorPrinter (from `../../node_modules/@capawesome-team/capacitor-printer`)"
  - "CapawesomeTeamCapacitorWifi (from `../../node_modules/@capawesome-team/capacitor-wifi`)"
  - "CapawesomeTeamCapacitorZip (from `../../node_modules/@capawesome-team/capacitor-zip`)"

SPEC REPOS:
  trunk:
    - Alamofire
    - Cloudinary
    - PostHog
    - SSZipArchive

EXTERNAL SOURCES:
  Capacitor:
    :path: "../../node_modules/@capacitor/ios"
  CapacitorApp:
    :path: "../../node_modules/@capacitor/app"
  CapacitorCamera:
    :path: "../../node_modules/@capacitor/camera"
  CapacitorCommunityKeepAwake:
    :path: "../../node_modules/@capacitor-community/keep-awake"
  CapacitorCommunityPrivacyScreen:
    :path: "../../node_modules/@capacitor-community/privacy-screen"
  CapacitorCommunityTextToSpeech:
    :path: "../../node_modules/@capacitor-community/text-to-speech"
  CapacitorCordova:
    :path: "../../node_modules/@capacitor/ios"
  CapacitorFilesystem:
    :path: "../../node_modules/@capacitor/filesystem"
  CapacitorHaptics:
    :path: "../../node_modules/@capacitor/haptics"
  CapacitorKeyboard:
    :path: "../../node_modules/@capacitor/keyboard"
  CapacitorShare:
    :path: "../../node_modules/@capacitor/share"
  CapawesomeCapacitorAppUpdate:
    :path: "../../node_modules/@capawesome/capacitor-app-update"
  CapawesomeCapacitorBackgroundTask:
    :path: "../../node_modules/@capawesome/capacitor-background-task"
  CapawesomeCapacitorBadge:
    :path: "../../node_modules/@capawesome/capacitor-badge"
  CapawesomeCapacitorCloudinary:
    :path: "../../node_modules/@capawesome/capacitor-cloudinary"
  CapawesomeCapacitorFilePicker:
    :path: "../../node_modules/@capawesome/capacitor-file-picker"
  CapawesomeCapacitorLiveUpdate:
    :path: "../../node_modules/@capawesome/capacitor-live-update"
  CapawesomeCapacitorManagedConfigurations:
    :path: "../../node_modules/@capawesome/capacitor-managed-configurations"
  CapawesomeCapacitorPhotoEditor:
    :path: "../../node_modules/@capawesome/capacitor-photo-editor"
  CapawesomeCapacitorPosthog:
    :path: "../../node_modules/@capawesome/capacitor-posthog"
  CapawesomeCapacitorScreenOrientation:
    :path: "../../node_modules/@capawesome/capacitor-screen-orientation"
  CapawesomeCapacitorTorch:
    :path: "../../node_modules/@capawesome/capacitor-torch"
  CapawesomeTeamCapacitorBluetoothLowEnergy:
    :path: "../../node_modules/@capawesome-team/capacitor-bluetooth-low-energy"
  CapawesomeTeamCapacitorDatetimePicker:
    :path: "../../node_modules/@capawesome-team/capacitor-datetime-picker"
  CapawesomeTeamCapacitorFileCompressor:
    :path: "../../node_modules/@capawesome-team/capacitor-file-compressor"
  CapawesomeTeamCapacitorFileOpener:
    :path: "../../node_modules/@capawesome-team/capacitor-file-opener"
  CapawesomeTeamCapacitorPrinter:
    :path: "../../node_modules/@capawesome-team/capacitor-printer"
  CapawesomeTeamCapacitorWifi:
    :path: "../../node_modules/@capawesome-team/capacitor-wifi"
  CapawesomeTeamCapacitorZip:
    :path: "../../node_modules/@capawesome-team/capacitor-zip"

SPEC CHECKSUMS:
  Alamofire: f36a35757af4587d8e4f4bfa223ad10be2422b8c
  Capacitor: 679f9673fdf30597493a6362a5d5bf233d46abc2
  CapacitorApp: 0bc633b4eae40a1f32cd2834788fad3bc42da6a1
  CapacitorCamera: ed022171dbf3853e68eec877b4d78995378af6b7
  CapacitorCommunityKeepAwake: c820e5394a74ab73635107f0544378b026562243
  CapacitorCommunityPrivacyScreen: 1917aacdd89557f926e83a4d853df0a50fb0bff7
  CapacitorCommunityTextToSpeech: 88444f34e417c0fcac6ce474fdae9fa8e03fddba
  CapacitorCordova: f48c89f96c319101cd2f0ce8a2b7449b5fb8b3dd
  CapacitorFilesystem: 37fb3aa5c945b4539ab11c74a5c57925a302bf24
  CapacitorHaptics: fe689ade56ef20ec9b041a753c6da70c5d8ec9a9
  CapacitorKeyboard: 2700f9b18687be021e28b5a09b59eb151a46d5e0
  CapacitorShare: 591ae4693d85686ceb590db8e8b44aa014ec6490
  CapawesomeCapacitorAppUpdate: 3c05b5c8e42f9c6a88d666093406e9336d9bfdb1
  CapawesomeCapacitorBackgroundTask: e65f6ca09586bd33af10d4c4ed7f04248b38b785
  CapawesomeCapacitorBadge: 3d0f281ad8e4a4f8db8c3d88b7622a7f4c413342
  CapawesomeCapacitorCloudinary: 7a7103a57880d215985c242bfebe834b151c2db6
  CapawesomeCapacitorFilePicker: c80c30759ba48986ff34a2b51b23ac2babfd3774
  CapawesomeCapacitorLiveUpdate: 2dba42b57ad4cc6ef8a0e5911f4d32d1d2404654
  CapawesomeCapacitorManagedConfigurations: e6dbcbcf45d7b1f7acfa9b54a02e15201604a803
  CapawesomeCapacitorPhotoEditor: 231e03215f026e0c2eeb6de0910e095e4aa0c823
  CapawesomeCapacitorPosthog: 84e91ce0c10ce2ffc98fe07a887377370eab7c26
  CapawesomeCapacitorScreenOrientation: 9cc68ecd085fcea2e1755475a3ed60d85e604a6c
  CapawesomeCapacitorTorch: 147301bf35352215d3b472c10f83e3a8bbe30677
  CapawesomeTeamCapacitorBluetoothLowEnergy: 8a79dcc9f2edde2cf8304b4f628fa3260e12a5d4
  CapawesomeTeamCapacitorDatetimePicker: 6dd2e7ae30c4b55afd48f19bfeb4578dcaa9263e
  CapawesomeTeamCapacitorFileCompressor: be4a55e6476c4084ef370e84c224fc63db27f7a5
  CapawesomeTeamCapacitorFileOpener: 3b92b7d407c6a85e241e77ff081f0dcc4beb86b3
  CapawesomeTeamCapacitorPrinter: 37aae938b0008aebd9760a844aa1e15497bdb043
  CapawesomeTeamCapacitorWifi: 5aa54073db59016e60f945be35ebefc3f5bc9845
  CapawesomeTeamCapacitorZip: d25254b165e2bc966dad3cabab8ae4f6fb5c4c12
  Cloudinary: 1e8ed5ce1418ba50df625c1fec80ebec746141b6
  PostHog: c5e174a4c52c45a37bc3960ab103d21eb29b63d6
  SSZipArchive: fe6a26b2a54d5a0890f2567b5cc6de5caa600aef

PODFILE CHECKSUM: a8752795a6c6c530420d974700ec4950f815b7ba

COCOAPODS: 1.15.2
