PODS:
  - Alamofire (5.9.1)
  - Capacitor (6.1.2):
    - CapacitorCordova
  - CapacitorApp (6.0.1):
    - Capacitor
  - CapacitorCamera (6.0.2):
    - Capacitor
  - CapacitorCommunityKeepAwake (5.0.0):
    - Capacitor
  - CapacitorCommunityPrivacyScreen (5.1.3):
    - Capacitor
  - CapacitorCommunityTextToSpeech (4.1.0):
    - Capacitor
  - CapacitorCordova (6.1.2)
  - CapacitorFilesystem (6.0.1):
    - Capacitor
  - CapacitorHaptics (6.0.1):
    - Capacitor
  - CapacitorKeyboard (6.0.2):
    - Capacitor
  - CapacitorShare (6.0.2):
    - Capacitor
  - CapawesomeCapacitorAppUpdate (6.0.0):
    - Capacitor
  - CapawesomeCapacitorBackgroundTask (6.0.0):
    - Capacitor
  - CapawesomeCapacitorBadge (6.0.0):
    - Capacitor
  - CapawesomeCapacitorCloudinary (6.0.0):
    - Capacitor
    - Cloudinary (= 5.0.0)
  - CapawesomeCapacitorFilePicker (6.0.1):
    - Capacitor
  - CapawesomeCapacitorLiveUpdate (6.3.0):
    - Alamofire (~> 5.9.0)
    - Capacitor
    - SSZipArchive (~> 2.2)
  - CapawesomeCapacitorManagedConfigurations (6.0.0):
    - Capacitor
  - CapawesomeCapacitorPhotoEditor (6.0.0):
    - Capacitor
  - CapawesomeCapacitorPosthog (6.0.0):
    - Capacitor
    - PostHog (= 3.8.2)
  - CapawesomeCapacitorScreenOrientation (6.0.1):
    - Capacitor
  - CapawesomeCapacitorTorch (6.0.0):
    - Capacitor
  - CapawesomeTeamCapacitorBluetoothLowEnergy (6.0.0):
    - Capacitor
  - CapawesomeTeamCapacitorDatetimePicker (6.0.0):
    - Capacitor
  - CapawesomeTeamCapacitorFileCompressor (6.0.0):
    - Capacitor
  - CapawesomeTeamCapacitorFileOpener (6.1.0):
    - Capacitor
  - CapawesomeTeamCapacitorPrinter (6.0.1):
    - Capacitor
  - CapawesomeTeamCapacitorWifi (6.0.0):
    - Capacitor
  - CapawesomeTeamCapacitorZip (6.1.1):
    - Capacitor
    - SSZipArchive (~> 2.2)
  - Cloudinary (5.0.0):
    - Cloudinary/ios (= 5.0.0)
  - Cloudinary/ios (5.0.0)
  - PostHog (3.8.2)
  - SSZipArchive (2.4.3)

DEPENDENCIES:
  - "Capacitor (from `../../node_modules/@capacitor/ios`)"
  - "CapacitorApp (from `../../node_modules/@capacitor/app`)"
  - "CapacitorCamera (from `../../node_modules/@capacitor/camera`)"
  - "CapacitorCommunityKeepAwake (from `../../node_modules/@capacitor-community/keep-awake`)"
  - "CapacitorCommunityPrivacyScreen (from `../../node_modules/@capacitor-community/privacy-screen`)"
  - "CapacitorCommunityTextToSpeech (from `../../node_modules/@capacitor-community/text-to-speech`)"
  - "CapacitorCordova (from `../../node_modules/@capacitor/ios`)"
  - "CapacitorFilesystem (from `../../node_modules/@capacitor/filesystem`)"
  - "CapacitorHaptics (from `../../node_modules/@capacitor/haptics`)"
  - "CapacitorKeyboard (from `../../node_modules/@capacitor/keyboard`)"
  - "CapacitorShare (from `../../node_modules/@capacitor/share`)"
  - "CapawesomeCapacitorAppUpdate (from `../../node_modules/@capawesome/capacitor-app-update`)"
  - "CapawesomeCapacitorBackgroundTask (from `../../node_modules/@capawesome/capacitor-background-task`)"
  - "CapawesomeCapacitorBadge (from `../../node_modules/@capawesome/capacitor-badge`)"
  - "CapawesomeCapacitorCloudinary (from `../../node_modules/@capawesome/capacitor-cloudinary`)"
  - "CapawesomeCapacitorFilePicker (from `../../node_modules/@capawesome/capacitor-file-picker`)"
  - "CapawesomeCapacitorLiveUpdate (from `../../node_modules/@capawesome/capacitor-live-update`)"
  - "CapawesomeCapacitorManagedConfigurations (from `../../node_modules/@capawesome/capacitor-managed-configurations`)"
  - "CapawesomeCapacitorPhotoEditor (from `../../node_modules/@capawesome/capacitor-photo-editor`)"
  - "CapawesomeCapacitorPosthog (from `../../node_modules/@capawesome/capacitor-posthog`)"
  - "CapawesomeCapacitorScreenOrientation (from `../../node_modules/@capawesome/capacitor-screen-orientation`)"
  - "CapawesomeCapacitorTorch (from `../../node_modules/@capawesome/capacitor-torch`)"
  - "CapawesomeTeamCapacitorBluetoothLowEnergy (from `../../node_modules/@capawesome-team/capacitor-bluetooth-low-energy`)"
  - "CapawesomeTeamCapacitorDatetimePicker (from `../../node_modules/@capawesome-team/capacitor-datetime-picker`)"
  - "CapawesomeTeamCapacitorFileCompressor (from `../../node_modules/@capawesome-team/capacitor-file-compressor`)"
  - "CapawesomeTeamCapacitorFileOpener (from `../../node_modules/@capawesome-team/capacitor-file-opener`)"
  - "CapawesomeTeamCapacitorPrinter (from `../../node_modules/@capawesome-team/capacitor-printer`)"
  - "CapawesomeTeamCapacitorWifi (from `../../node_modules/@capawesome-team/capacitor-wifi`)"
  - "CapawesomeTeamCapacitorZip (from `../../node_modules/@capawesome-team/capacitor-zip`)"

SPEC REPOS:
  trunk:
    - Alamofire
    - Cloudinary
    - PostHog
    - SSZipArchive

EXTERNAL SOURCES:
  Capacitor:
    :path: "../../node_modules/@capacitor/ios"
  CapacitorApp:
    :path: "../../node_modules/@capacitor/app"
  CapacitorCamera:
    :path: "../../node_modules/@capacitor/camera"
  CapacitorCommunityKeepAwake:
    :path: "../../node_modules/@capacitor-community/keep-awake"
  CapacitorCommunityPrivacyScreen:
    :path: "../../node_modules/@capacitor-community/privacy-screen"
  CapacitorCommunityTextToSpeech:
    :path: "../../node_modules/@capacitor-community/text-to-speech"
  CapacitorCordova:
    :path: "../../node_modules/@capacitor/ios"
  CapacitorFilesystem:
    :path: "../../node_modules/@capacitor/filesystem"
  CapacitorHaptics:
    :path: "../../node_modules/@capacitor/haptics"
  CapacitorKeyboard:
    :path: "../../node_modules/@capacitor/keyboard"
  CapacitorShare:
    :path: "../../node_modules/@capacitor/share"
  CapawesomeCapacitorAppUpdate:
    :path: "../../node_modules/@capawesome/capacitor-app-update"
  CapawesomeCapacitorBackgroundTask:
    :path: "../../node_modules/@capawesome/capacitor-background-task"
  CapawesomeCapacitorBadge:
    :path: "../../node_modules/@capawesome/capacitor-badge"
  CapawesomeCapacitorCloudinary:
    :path: "../../node_modules/@capawesome/capacitor-cloudinary"
  CapawesomeCapacitorFilePicker:
    :path: "../../node_modules/@capawesome/capacitor-file-picker"
  CapawesomeCapacitorLiveUpdate:
    :path: "../../node_modules/@capawesome/capacitor-live-update"
  CapawesomeCapacitorManagedConfigurations:
    :path: "../../node_modules/@capawesome/capacitor-managed-configurations"
  CapawesomeCapacitorPhotoEditor:
    :path: "../../node_modules/@capawesome/capacitor-photo-editor"
  CapawesomeCapacitorPosthog:
    :path: "../../node_modules/@capawesome/capacitor-posthog"
  CapawesomeCapacitorScreenOrientation:
    :path: "../../node_modules/@capawesome/capacitor-screen-orientation"
  CapawesomeCapacitorTorch:
    :path: "../../node_modules/@capawesome/capacitor-torch"
  CapawesomeTeamCapacitorBluetoothLowEnergy:
    :path: "../../node_modules/@capawesome-team/capacitor-bluetooth-low-energy"
  CapawesomeTeamCapacitorDatetimePicker:
    :path: "../../node_modules/@capawesome-team/capacitor-datetime-picker"
  CapawesomeTeamCapacitorFileCompressor:
    :path: "../../node_modules/@capawesome-team/capacitor-file-compressor"
  CapawesomeTeamCapacitorFileOpener:
    :path: "../../node_modules/@capawesome-team/capacitor-file-opener"
  CapawesomeTeamCapacitorPrinter:
    :path: "../../node_modules/@capawesome-team/capacitor-printer"
  CapawesomeTeamCapacitorWifi:
    :path: "../../node_modules/@capawesome-team/capacitor-wifi"
  CapawesomeTeamCapacitorZip:
    :path: "../../node_modules/@capawesome-team/capacitor-zip"

SPEC CHECKSUMS:
  Alamofire: f36a35757af4587d8e4f4bfa223ad10be2422b8c
  Capacitor: 69c7f687aabb8d85e543497411e40638b5cc08c0
  CapacitorApp: f51c08c64df914fc934239fd1b3fc809d62a02f6
  CapacitorCamera: 65a0d1235114a6a5042e664d6da8d213927f7aa0
  CapacitorCommunityKeepAwake: d8829717ab37e6aa3c466f52af0a52c91a37f495
  CapacitorCommunityPrivacyScreen: 09259aea2f9404ddfd892d3fd5dd7eb3ed78b23a
  CapacitorCommunityTextToSpeech: a8bd9b2cb2b6c4941e1d6acf1250ef82ef942ce1
  CapacitorCordova: f48c89f96c319101cd2f0ce8a2b7449b5fb8b3dd
  CapacitorFilesystem: 30941c0fea0773fcaedab18e262b339f5b9c06bc
  CapacitorHaptics: 05d33e20e394b1977dfd2a00a2621e04098164c1
  CapacitorKeyboard: 5bf4458dd989b56a60ea15c92cbca5fbfae6e9f9
  CapacitorShare: 5d49f1b220e991372b4d5d34be9a6080a042bae4
  CapawesomeCapacitorAppUpdate: 08a91f5be8dc99ad336fe131d3b011b7acb49c22
  CapawesomeCapacitorBackgroundTask: 837a0fe4cabcee6646c224acdc0274fcfa58edc4
  CapawesomeCapacitorBadge: 4df4bd752f7fcf0cedfc0748bca1cbe8a0e29794
  CapawesomeCapacitorCloudinary: 50ea1b1bef70d080be8a5d245fb7d37f74d50d59
  CapawesomeCapacitorFilePicker: 48f0d18d047aa12b951abaa888e23d17d421e9ed
  CapawesomeCapacitorLiveUpdate: ac26be548011540a27122c7a90c909760a339b87
  CapawesomeCapacitorManagedConfigurations: 5f8ae5e10feab63776e9b9d8ae73812d148aca45
  CapawesomeCapacitorPhotoEditor: e8d8f1faa43a9561d9bdc363a9b784291c0f41d7
  CapawesomeCapacitorPosthog: 7cad0c1a05532476c2520b8f61df674b96f34412
  CapawesomeCapacitorScreenOrientation: df123192d85a280d308bcc4c14841b63cc307732
  CapawesomeCapacitorTorch: d847d933cd2c8c47402fa1ecfe09f2b0491a235a
  CapawesomeTeamCapacitorBluetoothLowEnergy: 4961bffcb438259a72cf36375d35cb769eeb4b79
  CapawesomeTeamCapacitorDatetimePicker: 137948d7cde4a186cca0f56cd166c9dd4defd4a8
  CapawesomeTeamCapacitorFileCompressor: 1ababa5cc4a6af160e2badec69a21771bee3840f
  CapawesomeTeamCapacitorFileOpener: e72b2b08befc2d3103266596a109900e882cf40a
  CapawesomeTeamCapacitorPrinter: 1927b610e6101413ef12366216c865a2ae23f77e
  CapawesomeTeamCapacitorWifi: e2af411f258a42ae7ef35f758d8412aa4f481f80
  CapawesomeTeamCapacitorZip: 4ccb368d4d9ed2085dea817a7ab24bbfcc27c907
  Cloudinary: 1e8ed5ce1418ba50df625c1fec80ebec746141b6
  PostHog: c5e174a4c52c45a37bc3960ab103d21eb29b63d6
  SSZipArchive: fe6a26b2a54d5a0890f2567b5cc6de5caa600aef

PODFILE CHECKSUM: c423bb7506698d820ecef78cd36c4729ae0c8f4f

COCOAPODS: 1.16.2
